{
    "_readme": [
        "This file locks the dependencies of your project to a known state",
        "Read more about it at https://getcomposer.org/doc/01-basic-usage.md#installing-dependencies",
        "This file is @generated automatically"
    ],
    "content-hash": "c564b45436fed32b286aafbf64b63f80",
    "packages": [
        {
            "name": "ketut/random-string",
            "version": "dev-master",
            "source": {
                "type": "git",
                "url": "https://github.com/ketut-angga/random-string.git",
                "reference": "93ac574a8c88e2777543c6e2abcc916523452663"
            },
            "dist": {
                "type": "zip",
                "url": "https://api.github.com/repos/ketut-angga/random-string/zipball/93ac574a8c88e2777543c6e2abcc916523452663",
                "reference": "93ac574a8c88e2777543c6e2abcc916523452663",
                "shasum": ""
            },
            "require": {
                "php": ">=8.0"
            },
            "default-branch": true,
            "type": "library",
            "extra": {
                "branch-alias": {
                    "dev-master": "1.x-dev"
                }
            },
            "autoload": {
                "psr-4": {
                    "Ketut\\RandomString\\": "src/"
                }
            },
            "notification-url": "https://packagist.org/downloads/",
            "license": [
                "MIT"
            ],
            "authors": [
                {
                    "name": "ketut-angga",
                    "email": "anggapande45@gmail.com"
                }
            ],
            "description": "Generate random string",
            "support": {
                "issues": "https://github.com/ketut-angga/random-string/issues",
                "source": "https://github.com/ketut-angga/random-string/tree/v1.0.0"
            },
            "time": "2023-04-04T05:58:33+00:00"
        },
        {
            "name": "wp-cli/wp-config-transformer",
            "version": "dev-main",
            "source": {
                "type": "git",
                "url": "https://github.com/wp-cli/wp-config-transformer.git",
                "reference": "b1a6a013e4a8c74b29ba185368b78a140b3268da"
            },
            "dist": {
                "type": "zip",
                "url": "https://api.github.com/repos/wp-cli/wp-config-transformer/zipball/b1a6a013e4a8c74b29ba185368b78a140b3268da",
                "reference": "b1a6a013e4a8c74b29ba185368b78a140b3268da",
                "shasum": ""
            },
            "require": {
                "php": "^5.6 || ^7.0 || ^8.0"
            },
            "require-dev": {
                "wp-cli/wp-cli-tests": "^3.1"
            },
            "default-branch": true,
            "type": "library",
            "autoload": {
                "files": [
                    "src/WPConfigTransformer.php"
                ]
            },
            "notification-url": "https://packagist.org/downloads/",
            "license": [
                "MIT"
            ],
            "authors": [
                {
                    "name": "Frankie Jarrett",
                    "email": "fjarrett@gmail.com"
                }
            ],
            "description": "Programmatically edit a wp-config.php file.",
            "homepage": "https://github.com/wp-cli/wp-config-transformer",
            "support": {
                "issues": "https://github.com/wp-cli/wp-config-transformer/issues",
                "source": "https://github.com/wp-cli/wp-config-transformer/tree/v1.3.3"
            },
            "time": "2023-04-26T19:51:31+00:00"
        }
    ],
    "packages-dev": [],
    "aliases": [],
    "minimum-stability": "dev",
    "stability-flags": {
        "ketut/random-string": 20
    },
    "prefer-stable": false,
    "prefer-lowest": false,
    "platform": [],
    "platform-dev": [],
    "plugin-api-version": "2.3.0"
}
